
Microsoft Visual Studio Solution File, Format Version 12.00
# Visual Studio 2017
Project("{FAE04EC0-301F-11D3-BF4B-00C04F79EFBC}") = "Animal-Trash-Cleander-Survival-Game", "Animal-Trash-Cleander-Survival-Game.csproj", "{76D66F21-15A8-412A-B4FD-645C48935E44}"
EndProject
Global
	GlobalSection(SolutionConfigurationPlatforms) = preSolution
		Debug|Any CPU = Debug|Any CPU
		Release|Any CPU = Release|Any CPU
	EndGlobalSection
	GlobalSection(ProjectConfigurationPlatforms) = postSolution
		{76D66F21-15A8-412A-B4FD-645C48935E44}.Debug|Any CPU.ActiveCfg = Debug|Any CPU
		{76D66F21-15A8-412A-B4FD-645C48935E44}.Debug|Any CPU.Build.0 = Debug|Any CPU
		{76D66F21-15A8-412A-B4FD-645C48935E44}.Release|Any CPU.ActiveCfg = Release|Any CPU
		{76D66F21-15A8-412A-B4FD-645C48935E44}.Release|Any CPU.Build.0 = Release|Any CPU
	EndGlobalSection
	GlobalSection(SolutionProperties) = preSolution
		HideSolutionNode = FALSE
	EndGlobalSection
EndGlobal
