
Microsoft Visual Studio Solution File, Format Version 12.00
# Visual Studio 15
Project("{FAE04EC0-301F-11D3-BF4B-00C04F79EFBC}") = "Rabbit", "Rabbit.csproj", "{805A16E3-2496-68AB-376D-691989C90215}"
EndProject
Global
	GlobalSection(SolutionConfigurationPlatforms) = preSolution
		Debug|Any CPU = Debug|Any CPU
		Release|Any CPU = Release|Any CPU
	EndGlobalSection
	GlobalSection(ProjectConfigurationPlatforms) = postSolution
		{805A16E3-2496-68AB-376D-691989C90215}.Debug|Any CPU.ActiveCfg = Debug|Any CPU
		{805A16E3-2496-68AB-376D-691989C90215}.Debug|Any CPU.Build.0 = Debug|Any CPU
		{805A16E3-2496-68AB-376D-691989C90215}.Release|Any CPU.ActiveCfg = Release|Any CPU
		{805A16E3-2496-68AB-376D-691989C90215}.Release|Any CPU.Build.0 = Release|Any CPU
	EndGlobalSection
	GlobalSection(SolutionProperties) = preSolution
		HideSolutionNode = FALSE
	EndGlobalSection
EndGlobal
